
Microsoft Visual Studio Solution File, Format Version 12.00
# Visual Studio Version 17
VisualStudioVersion = 17.5.33516.290
MinimumVisualStudioVersion = 10.0.40219.1
Project("{9A19103F-16F7-4668-BE54-9A1E7A4F7556}") = "BlazorGamesEcommerce.Server", "BlazorGamesEcommerce\Server\BlazorGamesEcommerce.Server.csproj", "{9820124D-DFD8-4624-8801-1D7D87FA55D7}"
EndProject
Project("{9A19103F-16F7-4668-BE54-9A1E7A4F7556}") = "BlazorGamesEcommerce.Client", "BlazorGamesEcommerce\Client\BlazorGamesEcommerce.Client.csproj", "{E6470833-732B-40D2-8C79-C38B285E37DB}"
EndProject
Project("{9A19103F-16F7-4668-BE54-9A1E7A4F7556}") = "BlazorGamesEcommerce.Shared", "BlazorGamesEcommerce\Shared\BlazorGamesEcommerce.Shared.csproj", "{9A93C42E-FB55-4FC3-8405-9122DDF04A70}"
EndProject
Global
	GlobalSection(SolutionConfigurationPlatforms) = preSolution
		Debug|Any CPU = Debug|Any CPU
		Release|Any CPU = Release|Any CPU
	EndGlobalSection
	GlobalSection(ProjectConfigurationPlatforms) = postSolution
		{9820124D-DFD8-4624-8801-1D7D87FA55D7}.Debug|Any CPU.ActiveCfg = Debug|Any CPU
		{9820124D-DFD8-4624-8801-1D7D87FA55D7}.Debug|Any CPU.Build.0 = Debug|Any CPU
		{9820124D-DFD8-4624-8801-1D7D87FA55D7}.Release|Any CPU.ActiveCfg = Release|Any CPU
		{9820124D-DFD8-4624-8801-1D7D87FA55D7}.Release|Any CPU.Build.0 = Release|Any CPU
		{E6470833-732B-40D2-8C79-C38B285E37DB}.Debug|Any CPU.ActiveCfg = Debug|Any CPU
		{E6470833-732B-40D2-8C79-C38B285E37DB}.Debug|Any CPU.Build.0 = Debug|Any CPU
		{E6470833-732B-40D2-8C79-C38B285E37DB}.Release|Any CPU.ActiveCfg = Release|Any CPU
		{E6470833-732B-40D2-8C79-C38B285E37DB}.Release|Any CPU.Build.0 = Release|Any CPU
		{9A93C42E-FB55-4FC3-8405-9122DDF04A70}.Debug|Any CPU.ActiveCfg = Debug|Any CPU
		{9A93C42E-FB55-4FC3-8405-9122DDF04A70}.Debug|Any CPU.Build.0 = Debug|Any CPU
		{9A93C42E-FB55-4FC3-8405-9122DDF04A70}.Release|Any CPU.ActiveCfg = Release|Any CPU
		{9A93C42E-FB55-4FC3-8405-9122DDF04A70}.Release|Any CPU.Build.0 = Release|Any CPU
	EndGlobalSection
	GlobalSection(SolutionProperties) = preSolution
		HideSolutionNode = FALSE
	EndGlobalSection
	GlobalSection(ExtensibilityGlobals) = postSolution
		SolutionGuid = {9AAA65CB-276B-40C0-ADC0-93C2C02C280D}
	EndGlobalSection
EndGlobal
